
Microsoft Visual Studio Solution File, Format Version 12.00
# Visual Studio Version 16
VisualStudioVersion = 16.0.30204.135
MinimumVisualStudioVersion = 10.0.40219.1
Project("{FAE04EC0-301F-11D3-BF4B-00C04F79EFBC}") = "API", "MediatR-Pattern\API.csproj", "{837DF986-BD22-48A9-A03F-62EA73AD588C}"
EndProject
Project("{FAE04EC0-301F-11D3-BF4B-00C04F79EFBC}") = "Service", "Service\Service.csproj", "{DDDBD0A2-267B-433D-84EC-216892ED1585}"
EndProject
Global
	GlobalSection(SolutionConfigurationPlatforms) = preSolution
		Debug|Any CPU = Debug|Any CPU
		Release|Any CPU = Release|Any CPU
	EndGlobalSection
	GlobalSection(ProjectConfigurationPlatforms) = postSolution
		{837DF986-BD22-48A9-A03F-62EA73AD588C}.Debug|Any CPU.ActiveCfg = Debug|Any CPU
		{837DF986-BD22-48A9-A03F-62EA73AD588C}.Debug|Any CPU.Build.0 = Debug|Any CPU
		{837DF986-BD22-48A9-A03F-62EA73AD588C}.Release|Any CPU.ActiveCfg = Release|Any CPU
		{837DF986-BD22-48A9-A03F-62EA73AD588C}.Release|Any CPU.Build.0 = Release|Any CPU
		{DDDBD0A2-267B-433D-84EC-216892ED1585}.Debug|Any CPU.ActiveCfg = Debug|Any CPU
		{DDDBD0A2-267B-433D-84EC-216892ED1585}.Debug|Any CPU.Build.0 = Debug|Any CPU
		{DDDBD0A2-267B-433D-84EC-216892ED1585}.Release|Any CPU.ActiveCfg = Release|Any CPU
		{DDDBD0A2-267B-433D-84EC-216892ED1585}.Release|Any CPU.Build.0 = Release|Any CPU
	EndGlobalSection
	GlobalSection(SolutionProperties) = preSolution
		HideSolutionNode = FALSE
	EndGlobalSection
	GlobalSection(ExtensibilityGlobals) = postSolution
		SolutionGuid = {E75D50A9-2136-4251-88EB-40668198A378}
	EndGlobalSection
EndGlobal
